{
  "name": "e-commerce",
  "lockfileVersion": 3,
  "requires": true,
  "packages": {
    "": {
      "dependencies": {
        "node-package-manager": "^1.0.2"
      }
    },
    "node_modules/node-package-manager": {
      "version": "1.0.2",
      "resolved": "https://registry.npmjs.org/node-package-manager/-/node-package-manager-1.0.2.tgz",
      "integrity": "sha512-TxZYqiiPwRPeRFsdpIaBgpZ06PI9hXlMt19Wgq2/AWkGgC1/66vBmk9pz9mxbAFwYStBzmY1B12oAudGU5nTyw==",
      "bin": {
        "n-p-m": "bin.js"
      }
    }
  }
}
